
Microsoft Visual Studio Solution File, Format Version 12.00
# Visual Studio Version 17
VisualStudioVersion = 17.1.32319.34
MinimumVisualStudioVersion = 10.0.40219.1
Project("{FAE04EC0-301F-11D3-BF4B-00C04F79EFBC}") = "ServerExam", "ServerExam\ServerExam.csproj", "{8DF80314-2919-4F2B-BBE4-00E3980C22DB}"
EndProject
Global
	GlobalSection(SolutionConfigurationPlatforms) = preSolution
		Debug|Any CPU = Debug|Any CPU
		Release|Any CPU = Release|Any CPU
	EndGlobalSection
	GlobalSection(ProjectConfigurationPlatforms) = postSolution
		{8DF80314-2919-4F2B-BBE4-00E3980C22DB}.Debug|Any CPU.ActiveCfg = Debug|Any CPU
		{8DF80314-2919-4F2B-BBE4-00E3980C22DB}.Debug|Any CPU.Build.0 = Debug|Any CPU
		{8DF80314-2919-4F2B-BBE4-00E3980C22DB}.Release|Any CPU.ActiveCfg = Release|Any CPU
		{8DF80314-2919-4F2B-BBE4-00E3980C22DB}.Release|Any CPU.Build.0 = Release|Any CPU
	EndGlobalSection
	GlobalSection(SolutionProperties) = preSolution
		HideSolutionNode = FALSE
	EndGlobalSection
	GlobalSection(ExtensibilityGlobals) = postSolution
		SolutionGuid = {ACF142B5-2A82-4620-B9A6-179923950AC6}
	EndGlobalSection
EndGlobal
